
Microsoft Visual Studio Solution File, Format Version 12.00
# Visual Studio Version 16
VisualStudioVersion = 16.0.28803.352
MinimumVisualStudioVersion = 10.0.40219.1
Project("{FAE04EC0-301F-11D3-BF4B-00C04F79EFBC}") = "ShapeApp", "ShapeApp\ShapeApp.csproj", "{CF35E74D-03BE-494F-B05F-BF91DE4DFE2E}"
EndProject
Global
	GlobalSection(SolutionConfigurationPlatforms) = preSolution
		Debug|Any CPU = Debug|Any CPU
		Release|Any CPU = Release|Any CPU
	EndGlobalSection
	GlobalSection(ProjectConfigurationPlatforms) = postSolution
		{CF35E74D-03BE-494F-B05F-BF91DE4DFE2E}.Debug|Any CPU.ActiveCfg = Debug|Any CPU
		{CF35E74D-03BE-494F-B05F-BF91DE4DFE2E}.Debug|Any CPU.Build.0 = Debug|Any CPU
		{CF35E74D-03BE-494F-B05F-BF91DE4DFE2E}.Release|Any CPU.ActiveCfg = Release|Any CPU
		{CF35E74D-03BE-494F-B05F-BF91DE4DFE2E}.Release|Any CPU.Build.0 = Release|Any CPU
	EndGlobalSection
	GlobalSection(SolutionProperties) = preSolution
		HideSolutionNode = FALSE
	EndGlobalSection
	GlobalSection(ExtensibilityGlobals) = postSolution
		SolutionGuid = {BBEC8F66-7F5F-42EE-9F88-039BE6EB1D93}
	EndGlobalSection
EndGlobal
